// !$*UTF8*$!
{
	archiveVersion = 1;
	classes = {
	};
	objectVersion = 46;
	objects = {

/* Begin PBXBuildFile section */
		9429981918E445B800C01DB4 /* EGORefreshTableHeaderView.m in Sources */ = {isa = PBXBuildFile; fileRef = 9429981818E445B800C01DB4 /* EGORefreshTableHeaderView.m */; settings = {COMPILER_FLAGS = "-fno-objc-arc"; }; };
		9429982618E447D300C01DB4 /* blackArrow.png in Resources */ = {isa = PBXBuildFile; fileRef = 9429981B18E447D300C01DB4 /* blackArrow.png */; };
		9429982718E447D300C01DB4 /* blackArrow@2x.png in Resources */ = {isa = PBXBuildFile; fileRef = 9429981C18E447D300C01DB4 /* blackArrow@2x.png */; };
		9429982818E447D300C01DB4 /* blueArrow.png in Resources */ = {isa = PBXBuildFile; fileRef = 9429981D18E447D300C01DB4 /* blueArrow.png */; };
		9429982918E447D300C01DB4 /* blueArrow@2x.png in Resources */ = {isa = PBXBuildFile; fileRef = 9429981E18E447D300C01DB4 /* blueArrow@2x.png */; };
		9429982A18E447D300C01DB4 /* grayArrow.png in Resources */ = {isa = PBXBuildFile; fileRef = 9429981F18E447D300C01DB4 /* grayArrow.png */; };
		9429982B18E447D300C01DB4 /* grayArrow@2x.png in Resources */ = {isa = PBXBuildFile; fileRef = 9429982018E447D300C01DB4 /* grayArrow@2x.png */; };
		9429982C18E447D300C01DB4 /* MainWindow.xib in Resources */ = {isa = PBXBuildFile; fileRef = 9429982118E447D300C01DB4 /* MainWindow.xib */; };
		9429982D18E447D300C01DB4 /* RootViewController.xib in Resources */ = {isa = PBXBuildFile; fileRef = 9429982218E447D300C01DB4 /* RootViewController.xib */; };
		9429982E18E447D300C01DB4 /* TableViewPull-Info.plist in Resources */ = {isa = PBXBuildFile; fileRef = 9429982318E447D300C01DB4 /* TableViewPull-Info.plist */; };
		9429982F18E447D300C01DB4 /* whiteArrow.png in Resources */ = {isa = PBXBuildFile; fileRef = 9429982418E447D300C01DB4 /* whiteArrow.png */; };
		9429983018E447D300C01DB4 /* whiteArrow@2x.png in Resources */ = {isa = PBXBuildFile; fileRef = 9429982518E447D300C01DB4 /* whiteArrow@2x.png */; };
		94B47EF618E2AD23009FBAFE /* Foundation.framework in Frameworks */ = {isa = PBXBuildFile; fileRef = 94B47EF518E2AD23009FBAFE /* Foundation.framework */; };
		94B47EF818E2AD23009FBAFE /* CoreGraphics.framework in Frameworks */ = {isa = PBXBuildFile; fileRef = 94B47EF718E2AD23009FBAFE /* CoreGraphics.framework */; };
		94B47EFA18E2AD23009FBAFE /* UIKit.framework in Frameworks */ = {isa = PBXBuildFile; fileRef = 94B47EF918E2AD23009FBAFE /* UIKit.framework */; };
		94B47F0018E2AD23009FBAFE /* InfoPlist.strings in Resources */ = {isa = PBXBuildFile; fileRef = 94B47EFE18E2AD23009FBAFE /* InfoPlist.strings */; };
		94B47F0218E2AD23009FBAFE /* main.m in Sources */ = {isa = PBXBuildFile; fileRef = 94B47F0118E2AD23009FBAFE /* main.m */; };
		94B47F0618E2AD23009FBAFE /* XNCAppDelegate.m in Sources */ = {isa = PBXBuildFile; fileRef = 94B47F0518E2AD23009FBAFE /* XNCAppDelegate.m */; };
		94B47F0918E2AD23009FBAFE /* Main_iPhone.storyboard in Resources */ = {isa = PBXBuildFile; fileRef = 94B47F0718E2AD23009FBAFE /* Main_iPhone.storyboard */; };
		94B47F0C18E2AD23009FBAFE /* Main_iPad.storyboard in Resources */ = {isa = PBXBuildFile; fileRef = 94B47F0A18E2AD23009FBAFE /* Main_iPad.storyboard */; };
		94B47F0F18E2AD23009FBAFE /* XNCViewController.m in Sources */ = {isa = PBXBuildFile; fileRef = 94B47F0E18E2AD23009FBAFE /* XNCViewController.m */; };
		94B47F1118E2AD23009FBAFE /* Images.xcassets in Resources */ = {isa = PBXBuildFile; fileRef = 94B47F1018E2AD23009FBAFE /* Images.xcassets */; };
		94B47F1818E2AD23009FBAFE /* XCTest.framework in Frameworks */ = {isa = PBXBuildFile; fileRef = 94B47F1718E2AD23009FBAFE /* XCTest.framework */; };
		94B47F1918E2AD23009FBAFE /* Foundation.framework in Frameworks */ = {isa = PBXBuildFile; fileRef = 94B47EF518E2AD23009FBAFE /* Foundation.framework */; };
		94B47F1A18E2AD23009FBAFE /* UIKit.framework in Frameworks */ = {isa = PBXBuildFile; fileRef = 94B47EF918E2AD23009FBAFE /* UIKit.framework */; };
		94B47F2218E2AD23009FBAFE /* InfoPlist.strings in Resources */ = {isa = PBXBuildFile; fileRef = 94B47F2018E2AD23009FBAFE /* InfoPlist.strings */; };
		94B47F2418E2AD23009FBAFE /* ZhengMeiTests.m in Sources */ = {isa = PBXBuildFile; fileRef = 94B47F2318E2AD23009FBAFE /* ZhengMeiTests.m */; };
/* End PBXBuildFile section */

/* Begin PBXContainerItemProxy section */
		94B47F1B18E2AD23009FBAFE /* PBXContainerItemProxy */ = {
			isa = PBXContainerItemProxy;
			containerPortal = 94B47EEA18E2AD23009FBAFE /* Project object */;
			proxyType = 1;
			remoteGlobalIDString = 94B47EF118E2AD23009FBAFE;
			remoteInfo = ZhengMei;
		};
/* End PBXContainerItemProxy section */

/* Begin PBXFileReference section */
		9429981718E445B800C01DB4 /* EGORefreshTableHeaderView.h */ = {isa = PBXFileReference; fileEncoding = 4; lastKnownFileType = sourcecode.c.h; path = EGORefreshTableHeaderView.h; sourceTree = "<group>"; };
		9429981818E445B800C01DB4 /* EGORefreshTableHeaderView.m */ = {isa = PBXFileReference; fileEncoding = 4; lastKnownFileType = sourcecode.c.objc; path = EGORefreshTableHeaderView.m; sourceTree = "<group>"; };
		9429981B18E447D300C01DB4 /* blackArrow.png */ = {isa = PBXFileReference; lastKnownFileType = image.png; path = blackArrow.png; sourceTree = "<group>"; };
		9429981C18E447D300C01DB4 /* blackArrow@2x.png */ = {isa = PBXFileReference; lastKnownFileType = image.png; path = "blackArrow@2x.png"; sourceTree = "<group>"; };
		9429981D18E447D300C01DB4 /* blueArrow.png */ = {isa = PBXFileReference; lastKnownFileType = image.png; path = blueArrow.png; sourceTree = "<group>"; };
		9429981E18E447D300C01DB4 /* blueArrow@2x.png */ = {isa = PBXFileReference; lastKnownFileType = image.png; path = "blueArrow@2x.png"; sourceTree = "<group>"; };
		9429981F18E447D300C01DB4 /* grayArrow.png */ = {isa = PBXFileReference; lastKnownFileType = image.png; path = grayArrow.png; sourceTree = "<group>"; };
		9429982018E447D300C01DB4 /* grayArrow@2x.png */ = {isa = PBXFileReference; lastKnownFileType = image.png; path = "grayArrow@2x.png"; sourceTree = "<group>"; };
		9429982118E447D300C01DB4 /* MainWindow.xib */ = {isa = PBXFileReference; fileEncoding = 4; lastKnownFileType = file.xib; path = MainWindow.xib; sourceTree = "<group>"; };
		9429982218E447D300C01DB4 /* RootViewController.xib */ = {isa = PBXFileReference; fileEncoding = 4; lastKnownFileType = file.xib; path = RootViewController.xib; sourceTree = "<group>"; };
		9429982318E447D300C01DB4 /* TableViewPull-Info.plist */ = {isa = PBXFileReference; fileEncoding = 4; lastKnownFileType = text.plist.xml; path = "TableViewPull-Info.plist"; sourceTree = "<group>"; };
		9429982418E447D300C01DB4 /* whiteArrow.png */ = {isa = PBXFileReference; lastKnownFileType = image.png; path = whiteArrow.png; sourceTree = "<group>"; };
		9429982518E447D300C01DB4 /* whiteArrow@2x.png */ = {isa = PBXFileReference; lastKnownFileType = image.png; path = "whiteArrow@2x.png"; sourceTree = "<group>"; };
		94B47EF218E2AD23009FBAFE /* ZhengMei.app */ = {isa = PBXFileReference; explicitFileType = wrapper.application; includeInIndex = 0; path = ZhengMei.app; sourceTree = BUILT_PRODUCTS_DIR; };
		94B47EF518E2AD23009FBAFE /* Foundation.framework */ = {isa = PBXFileReference; lastKnownFileType = wrapper.framework; name = Foundation.framework; path = System/Library/Frameworks/Foundation.framework; sourceTree = SDKROOT; };
		94B47EF718E2AD23009FBAFE /* CoreGraphics.framework */ = {isa = PBXFileReference; lastKnownFileType = wrapper.framework; name = CoreGraphics.framework; path = System/Library/Frameworks/CoreGraphics.framework; sourceTree = SDKROOT; };
		94B47EF918E2AD23009FBAFE /* UIKit.framework */ = {isa = PBXFileReference; lastKnownFileType = wrapper.framework; name = UIKit.framework; path = System/Library/Frameworks/UIKit.framework; sourceTree = SDKROOT; };
		94B47EFD18E2AD23009FBAFE /* ZhengMei-Info.plist */ = {isa = PBXFileReference; lastKnownFileType = text.plist.xml; path = "ZhengMei-Info.plist"; sourceTree = "<group>"; };
		94B47EFF18E2AD23009FBAFE /* en */ = {isa = PBXFileReference; lastKnownFileType = text.plist.strings; name = en; path = en.lproj/InfoPlist.strings; sourceTree = "<group>"; };
		94B47F0118E2AD23009FBAFE /* main.m */ = {isa = PBXFileReference; lastKnownFileType = sourcecode.c.objc; path = main.m; sourceTree = "<group>"; };
		94B47F0318E2AD23009FBAFE /* ZhengMei-Prefix.pch */ = {isa = PBXFileReference; lastKnownFileType = sourcecode.c.h; path = "ZhengMei-Prefix.pch"; sourceTree = "<group>"; };
		94B47F0418E2AD23009FBAFE /* XNCAppDelegate.h */ = {isa = PBXFileReference; lastKnownFileType = sourcecode.c.h; path = XNCAppDelegate.h; sourceTree = "<group>"; };
		94B47F0518E2AD23009FBAFE /* XNCAppDelegate.m */ = {isa = PBXFileReference; lastKnownFileType = sourcecode.c.objc; path = XNCAppDelegate.m; sourceTree = "<group>"; };
		94B47F0818E2AD23009FBAFE /* Base */ = {isa = PBXFileReference; lastKnownFileType = file.storyboard; name = Base; path = Base.lproj/Main_iPhone.storyboard; sourceTree = "<group>"; };
		94B47F0B18E2AD23009FBAFE /* Base */ = {isa = PBXFileReference; lastKnownFileType = file.storyboard; name = Base; path = Base.lproj/Main_iPad.storyboard; sourceTree = "<group>"; };
		94B47F0D18E2AD23009FBAFE /* XNCViewController.h */ = {isa = PBXFileReference; lastKnownFileType = sourcecode.c.h; path = XNCViewController.h; sourceTree = "<group>"; };
		94B47F0E18E2AD23009FBAFE /* XNCViewController.m */ = {isa = PBXFileReference; lastKnownFileType = sourcecode.c.objc; path = XNCViewController.m; sourceTree = "<group>"; };
		94B47F1018E2AD23009FBAFE /* Images.xcassets */ = {isa = PBXFileReference; lastKnownFileType = folder.assetcatalog; path = Images.xcassets; sourceTree = "<group>"; };
		94B47F1618E2AD23009FBAFE /* ZhengMeiTests.xctest */ = {isa = PBXFileReference; explicitFileType = wrapper.cfbundle; includeInIndex = 0; path = ZhengMeiTests.xctest; sourceTree = BUILT_PRODUCTS_DIR; };
		94B47F1718E2AD23009FBAFE /* XCTest.framework */ = {isa = PBXFileReference; lastKnownFileType = wrapper.framework; name = XCTest.framework; path = Library/Frameworks/XCTest.framework; sourceTree = DEVELOPER_DIR; };
		94B47F1F18E2AD23009FBAFE /* ZhengMeiTests-Info.plist */ = {isa = PBXFileReference; lastKnownFileType = text.plist.xml; path = "ZhengMeiTests-Info.plist"; sourceTree = "<group>"; };
		94B47F2118E2AD23009FBAFE /* en */ = {isa = PBXFileReference; lastKnownFileType = text.plist.strings; name = en; path = en.lproj/InfoPlist.strings; sourceTree = "<group>"; };
		94B47F2318E2AD23009FBAFE /* ZhengMeiTests.m */ = {isa = PBXFileReference; lastKnownFileType = sourcecode.c.objc; path = ZhengMeiTests.m; sourceTree = "<group>"; };
/* End PBXFileReference section */

/* Begin PBXFrameworksBuildPhase section */
		94B47EEF18E2AD23009FBAFE /* Frameworks */ = {
			isa = PBXFrameworksBuildPhase;
			buildActionMask = 2147483647;
			files = (
				94B47EF818E2AD23009FBAFE /* CoreGraphics.framework in Frameworks */,
				94B47EFA18E2AD23009FBAFE /* UIKit.framework in Frameworks */,
				94B47EF618E2AD23009FBAFE /* Foundation.framework in Frameworks */,
			);
			runOnlyForDeploymentPostprocessing = 0;
		};
		94B47F1318E2AD23009FBAFE /* Frameworks */ = {
			isa = PBXFrameworksBuildPhase;
			buildActionMask = 2147483647;
			files = (
				94B47F1818E2AD23009FBAFE /* XCTest.framework in Frameworks */,
				94B47F1A18E2AD23009FBAFE /* UIKit.framework in Frameworks */,
				94B47F1918E2AD23009FBAFE /* Foundation.framework in Frameworks */,
			);
			runOnlyForDeploymentPostprocessing = 0;
		};
/* End PBXFrameworksBuildPhase section */

/* Begin PBXGroup section */
		9429981518E445B800C01DB4 /* classes */ = {
			isa = PBXGroup;
			children = (
				9429981618E445B800C01DB4 /* view */,
			);
			name = classes;
			path = ZhengMei/classes;
			sourceTree = "<group>";
		};
		9429981618E445B800C01DB4 /* view */ = {
			isa = PBXGroup;
			children = (
				9429981718E445B800C01DB4 /* EGORefreshTableHeaderView.h */,
				9429981818E445B800C01DB4 /* EGORefreshTableHeaderView.m */,
			);
			path = view;
			sourceTree = "<group>";
		};
		9429981A18E447D300C01DB4 /* Resources */ = {
			isa = PBXGroup;
			children = (
				9429981B18E447D300C01DB4 /* blackArrow.png */,
				9429981C18E447D300C01DB4 /* blackArrow@2x.png */,
				9429981D18E447D300C01DB4 /* blueArrow.png */,
				9429981E18E447D300C01DB4 /* blueArrow@2x.png */,
				9429981F18E447D300C01DB4 /* grayArrow.png */,
				9429982018E447D300C01DB4 /* grayArrow@2x.png */,
				9429982118E447D300C01DB4 /* MainWindow.xib */,
				9429982218E447D300C01DB4 /* RootViewController.xib */,
				9429982318E447D300C01DB4 /* TableViewPull-Info.plist */,
				9429982418E447D300C01DB4 /* whiteArrow.png */,
				9429982518E447D300C01DB4 /* whiteArrow@2x.png */,
			);
			name = Resources;
			path = ZhengMei/Resources;
			sourceTree = "<group>";
		};
		94B47EE918E2AD23009FBAFE = {
			isa = PBXGroup;
			children = (
				9429981A18E447D300C01DB4 /* Resources */,
				9429981518E445B800C01DB4 /* classes */,
				94B47EFB18E2AD23009FBAFE /* ZhengMei */,
				94B47F1D18E2AD23009FBAFE /* ZhengMeiTests */,
				94B47EF418E2AD23009FBAFE /* Frameworks */,
				94B47EF318E2AD23009FBAFE /* Products */,
			);
			sourceTree = "<group>";
		};
		94B47EF318E2AD23009FBAFE /* Products */ = {
			isa = PBXGroup;
			children = (
				94B47EF218E2AD23009FBAFE /* ZhengMei.app */,
				94B47F1618E2AD23009FBAFE /* ZhengMeiTests.xctest */,
			);
			name = Products;
			sourceTree = "<group>";
		};
		94B47EF418E2AD23009FBAFE /* Frameworks */ = {
			isa = PBXGroup;
			children = (
				94B47EF518E2AD23009FBAFE /* Foundation.framework */,
				94B47EF718E2AD23009FBAFE /* CoreGraphics.framework */,
				94B47EF918E2AD23009FBAFE /* UIKit.framework */,
				94B47F1718E2AD23009FBAFE /* XCTest.framework */,
			);
			name = Frameworks;
			sourceTree = "<group>";
		};
		94B47EFB18E2AD23009FBAFE /* ZhengMei */ = {
			isa = PBXGroup;
			children = (
				94B47F0418E2AD23009FBAFE /* XNCAppDelegate.h */,
				94B47F0518E2AD23009FBAFE /* XNCAppDelegate.m */,
				94B47F0718E2AD23009FBAFE /* Main_iPhone.storyboard */,
				94B47F0A18E2AD23009FBAFE /* Main_iPad.storyboard */,
				94B47F0D18E2AD23009FBAFE /* XNCViewController.h */,
				94B47F0E18E2AD23009FBAFE /* XNCViewController.m */,
				94B47F1018E2AD23009FBAFE /* Images.xcassets */,
				94B47EFC18E2AD23009FBAFE /* Supporting Files */,
			);
			path = ZhengMei;
			sourceTree = "<group>";
		};
		94B47EFC18E2AD23009FBAFE /* Supporting Files */ = {
			isa = PBXGroup;
			children = (
				94B47EFD18E2AD23009FBAFE /* ZhengMei-Info.plist */,
				94B47EFE18E2AD23009FBAFE /* InfoPlist.strings */,
				94B47F0118E2AD23009FBAFE /* main.m */,
				94B47F0318E2AD23009FBAFE /* ZhengMei-Prefix.pch */,
			);
			name = "Supporting Files";
			sourceTree = "<group>";
		};
		94B47F1D18E2AD23009FBAFE /* ZhengMeiTests */ = {
			isa = PBXGroup;
			children = (
				94B47F2318E2AD23009FBAFE /* ZhengMeiTests.m */,
				94B47F1E18E2AD23009FBAFE /* Supporting Files */,
			);
			path = ZhengMeiTests;
			sourceTree = "<group>";
		};
		94B47F1E18E2AD23009FBAFE /* Supporting Files */ = {
			isa = PBXGroup;
			children = (
				94B47F1F18E2AD23009FBAFE /* ZhengMeiTests-Info.plist */,
				94B47F2018E2AD23009FBAFE /* InfoPlist.strings */,
			);
			name = "Supporting Files";
			sourceTree = "<group>";
		};
/* End PBXGroup section */

/* Begin PBXNativeTarget section */
		94B47EF118E2AD23009FBAFE /* ZhengMei */ = {
			isa = PBXNativeTarget;
			buildConfigurationList = 94B47F2718E2AD23009FBAFE /* Build configuration list for PBXNativeTarget "ZhengMei" */;
			buildPhases = (
				94B47EEE18E2AD23009FBAFE /* Sources */,
				94B47EEF18E2AD23009FBAFE /* Frameworks */,
				94B47EF018E2AD23009FBAFE /* Resources */,
			);
			buildRules = (
			);
			dependencies = (
			);
			name = ZhengMei;
			productName = ZhengMei;
			productReference = 94B47EF218E2AD23009FBAFE /* ZhengMei.app */;
			productType = "com.apple.product-type.application";
		};
		94B47F1518E2AD23009FBAFE /* ZhengMeiTests */ = {
			isa = PBXNativeTarget;
			buildConfigurationList = 94B47F2A18E2AD23009FBAFE /* Build configuration list for PBXNativeTarget "ZhengMeiTests" */;
			buildPhases = (
				94B47F1218E2AD23009FBAFE /* Sources */,
				94B47F1318E2AD23009FBAFE /* Frameworks */,
				94B47F1418E2AD23009FBAFE /* Resources */,
			);
			buildRules = (
			);
			dependencies = (
				94B47F1C18E2AD23009FBAFE /* PBXTargetDependency */,
			);
			name = ZhengMeiTests;
			productName = ZhengMeiTests;
			productReference = 94B47F1618E2AD23009FBAFE /* ZhengMeiTests.xctest */;
			productType = "com.apple.product-type.bundle.unit-test";
		};
/* End PBXNativeTarget section */

/* Begin PBXProject section */
		94B47EEA18E2AD23009FBAFE /* Project object */ = {
			isa = PBXProject;
			attributes = {
				CLASSPREFIX = XNC;
				LastUpgradeCheck = 0510;
				ORGANIZATIONNAME = "XNC Studio";
				TargetAttributes = {
					94B47F1518E2AD23009FBAFE = {
						TestTargetID = 94B47EF118E2AD23009FBAFE;
					};
				};
			};
			buildConfigurationList = 94B47EED18E2AD23009FBAFE /* Build configuration list for PBXProject "ZhengMei" */;
			compatibilityVersion = "Xcode 3.2";
			developmentRegion = English;
			hasScannedForEncodings = 0;
			knownRegions = (
				en,
				Base,
			);
			mainGroup = 94B47EE918E2AD23009FBAFE;
			productRefGroup = 94B47EF318E2AD23009FBAFE /* Products */;
			projectDirPath = "";
			projectRoot = "";
			targets = (
				94B47EF118E2AD23009FBAFE /* ZhengMei */,
				94B47F1518E2AD23009FBAFE /* ZhengMeiTests */,
			);
		};
/* End PBXProject section */

/* Begin PBXResourcesBuildPhase section */
		94B47EF018E2AD23009FBAFE /* Resources */ = {
			isa = PBXResourcesBuildPhase;
			buildActionMask = 2147483647;
			files = (
				9429982C18E447D300C01DB4 /* MainWindow.xib in Resources */,
				9429982A18E447D300C01DB4 /* grayArrow.png in Resources */,
				9429982D18E447D300C01DB4 /* RootViewController.xib in Resources */,
				9429982F18E447D300C01DB4 /* whiteArrow.png in Resources */,
				9429982918E447D300C01DB4 /* blueArrow@2x.png in Resources */,
				94B47F0C18E2AD23009FBAFE /* Main_iPad.storyboard in Resources */,
				9429982B18E447D300C01DB4 /* grayArrow@2x.png in Resources */,
				9429983018E447D300C01DB4 /* whiteArrow@2x.png in Resources */,
				94B47F1118E2AD23009FBAFE /* Images.xcassets in Resources */,
				9429982E18E447D300C01DB4 /* TableViewPull-Info.plist in Resources */,
				9429982718E447D300C01DB4 /* blackArrow@2x.png in Resources */,
				9429982618E447D300C01DB4 /* blackArrow.png in Resources */,
				9429982818E447D300C01DB4 /* blueArrow.png in Resources */,
				94B47F0918E2AD23009FBAFE /* Main_iPhone.storyboard in Resources */,
				94B47F0018E2AD23009FBAFE /* InfoPlist.strings in Resources */,
			);
			runOnlyForDeploymentPostprocessing = 0;
		};
		94B47F1418E2AD23009FBAFE /* Resources */ = {
			isa = PBXResourcesBuildPhase;
			buildActionMask = 2147483647;
			files = (
				94B47F2218E2AD23009FBAFE /* InfoPlist.strings in Resources */,
			);
			runOnlyForDeploymentPostprocessing = 0;
		};
/* End PBXResourcesBuildPhase section */

/* Begin PBXSourcesBuildPhase section */
		94B47EEE18E2AD23009FBAFE /* Sources */ = {
			isa = PBXSourcesBuildPhase;
			buildActionMask = 2147483647;
			files = (
				94B47F0618E2AD23009FBAFE /* XNCAppDelegate.m in Sources */,
				94B47F0218E2AD23009FBAFE /* main.m in Sources */,
				94B47F0F18E2AD23009FBAFE /* XNCViewController.m in Sources */,
				9429981918E445B800C01DB4 /* EGORefreshTableHeaderView.m in Sources */,
			);
			runOnlyForDeploymentPostprocessing = 0;
		};
		94B47F1218E2AD23009FBAFE /* Sources */ = {
			isa = PBXSourcesBuildPhase;
			buildActionMask = 2147483647;
			files = (
				94B47F2418E2AD23009FBAFE /* ZhengMeiTests.m in Sources */,
			);
			runOnlyForDeploymentPostprocessing = 0;
		};
/* End PBXSourcesBuildPhase section */

/* Begin PBXTargetDependency section */
		94B47F1C18E2AD23009FBAFE /* PBXTargetDependency */ = {
			isa = PBXTargetDependency;
			target = 94B47EF118E2AD23009FBAFE /* ZhengMei */;
			targetProxy = 94B47F1B18E2AD23009FBAFE /* PBXContainerItemProxy */;
		};
/* End PBXTargetDependency section */

/* Begin PBXVariantGroup section */
		94B47EFE18E2AD23009FBAFE /* InfoPlist.strings */ = {
			isa = PBXVariantGroup;
			children = (
				94B47EFF18E2AD23009FBAFE /* en */,
			);
			name = InfoPlist.strings;
			sourceTree = "<group>";
		};
		94B47F0718E2AD23009FBAFE /* Main_iPhone.storyboard */ = {
			isa = PBXVariantGroup;
			children = (
				94B47F0818E2AD23009FBAFE /* Base */,
			);
			name = Main_iPhone.storyboard;
			sourceTree = "<group>";
		};
		94B47F0A18E2AD23009FBAFE /* Main_iPad.storyboard */ = {
			isa = PBXVariantGroup;
			children = (
				94B47F0B18E2AD23009FBAFE /* Base */,
			);
			name = Main_iPad.storyboard;
			sourceTree = "<group>";
		};
		94B47F2018E2AD23009FBAFE /* InfoPlist.strings */ = {
			isa = PBXVariantGroup;
			children = (
				94B47F2118E2AD23009FBAFE /* en */,
			);
			name = InfoPlist.strings;
			sourceTree = "<group>";
		};
/* End PBXVariantGroup section */

/* Begin XCBuildConfiguration section */
		94B47F2518E2AD23009FBAFE /* Debug */ = {
			isa = XCBuildConfiguration;
			buildSettings = {
				ALWAYS_SEARCH_USER_PATHS = NO;
				CLANG_CXX_LANGUAGE_STANDARD = "gnu++0x";
				CLANG_CXX_LIBRARY = "libc++";
				CLANG_ENABLE_MODULES = YES;
				CLANG_ENABLE_OBJC_ARC = YES;
				CLANG_WARN_BOOL_CONVERSION = YES;
				CLANG_WARN_CONSTANT_CONVERSION = YES;
				CLANG_WARN_DIRECT_OBJC_ISA_USAGE = YES_ERROR;
				CLANG_WARN_EMPTY_BODY = YES;
				CLANG_WARN_ENUM_CONVERSION = YES;
				CLANG_WARN_INT_CONVERSION = YES;
				CLANG_WARN_OBJC_ROOT_CLASS = YES_ERROR;
				CLANG_WARN__DUPLICATE_METHOD_MATCH = YES;
				"CODE_SIGN_IDENTITY[sdk=iphoneos*]" = "iPhone Developer";
				COPY_PHASE_STRIP = NO;
				GCC_C_LANGUAGE_STANDARD = gnu99;
				GCC_DYNAMIC_NO_PIC = NO;
				GCC_OPTIMIZATION_LEVEL = 0;
				GCC_PREPROCESSOR_DEFINITIONS = (
					"DEBUG=1",
					"$(inherited)",
				);
				GCC_SYMBOLS_PRIVATE_EXTERN = NO;
				GCC_WARN_64_TO_32_BIT_CONVERSION = YES;
				GCC_WARN_ABOUT_RETURN_TYPE = YES_ERROR;
				GCC_WARN_UNDECLARED_SELECTOR = YES;
				GCC_WARN_UNINITIALIZED_AUTOS = YES_AGGRESSIVE;
				GCC_WARN_UNUSED_FUNCTION = YES;
				GCC_WARN_UNUSED_VARIABLE = YES;
				IPHONEOS_DEPLOYMENT_TARGET = 6.0;
				ONLY_ACTIVE_ARCH = YES;
				SDKROOT = iphoneos;
				TARGETED_DEVICE_FAMILY = "1,2";
			};
			name = Debug;
		};
		94B47F2618E2AD23009FBAFE /* Release */ = {
			isa = XCBuildConfiguration;
			buildSettings = {
				ALWAYS_SEARCH_USER_PATHS = NO;
				CLANG_CXX_LANGUAGE_STANDARD = "gnu++0x";
				CLANG_CXX_LIBRARY = "libc++";
				CLANG_ENABLE_MODULES = YES;
				CLANG_ENABLE_OBJC_ARC = YES;
				CLANG_WARN_BOOL_CONVERSION = YES;
				CLANG_WARN_CONSTANT_CONVERSION = YES;
				CLANG_WARN_DIRECT_OBJC_ISA_USAGE = YES_ERROR;
				CLANG_WARN_EMPTY_BODY = YES;
				CLANG_WARN_ENUM_CONVERSION = YES;
				CLANG_WARN_INT_CONVERSION = YES;
				CLANG_WARN_OBJC_ROOT_CLASS = YES_ERROR;
				CLANG_WARN__DUPLICATE_METHOD_MATCH = YES;
				"CODE_SIGN_IDENTITY[sdk=iphoneos*]" = "iPhone Developer";
				COPY_PHASE_STRIP = YES;
				ENABLE_NS_ASSERTIONS = NO;
				GCC_C_LANGUAGE_STANDARD = gnu99;
				GCC_WARN_64_TO_32_BIT_CONVERSION = YES;
				GCC_WARN_ABOUT_RETURN_TYPE = YES_ERROR;
				GCC_WARN_UNDECLARED_SELECTOR = YES;
				GCC_WARN_UNINITIALIZED_AUTOS = YES_AGGRESSIVE;
				GCC_WARN_UNUSED_FUNCTION = YES;
				GCC_WARN_UNUSED_VARIABLE = YES;
				IPHONEOS_DEPLOYMENT_TARGET = 6.0;
				SDKROOT = iphoneos;
				TARGETED_DEVICE_FAMILY = "1,2";
				VALIDATE_PRODUCT = YES;
			};
			name = Release;
		};
		94B47F2818E2AD23009FBAFE /* Debug */ = {
			isa = XCBuildConfiguration;
			buildSettings = {
				ASSETCATALOG_COMPILER_APPICON_NAME = AppIcon;
				ASSETCATALOG_COMPILER_LAUNCHIMAGE_NAME = LaunchImage;
				GCC_PRECOMPILE_PREFIX_HEADER = YES;
				GCC_PREFIX_HEADER = "ZhengMei/ZhengMei-Prefix.pch";
				INFOPLIST_FILE = "ZhengMei/ZhengMei-Info.plist";
				PRODUCT_NAME = "$(TARGET_NAME)";
				WRAPPER_EXTENSION = app;
			};
			name = Debug;
		};
		94B47F2918E2AD23009FBAFE /* Release */ = {
			isa = XCBuildConfiguration;
			buildSettings = {
				ASSETCATALOG_COMPILER_APPICON_NAME = AppIcon;
				ASSETCATALOG_COMPILER_LAUNCHIMAGE_NAME = LaunchImage;
				GCC_PRECOMPILE_PREFIX_HEADER = YES;
				GCC_PREFIX_HEADER = "ZhengMei/ZhengMei-Prefix.pch";
				INFOPLIST_FILE = "ZhengMei/ZhengMei-Info.plist";
				PRODUCT_NAME = "$(TARGET_NAME)";
				WRAPPER_EXTENSION = app;
			};
			name = Release;
		};
		94B47F2B18E2AD23009FBAFE /* Debug */ = {
			isa = XCBuildConfiguration;
			buildSettings = {
				BUNDLE_LOADER = "$(BUILT_PRODUCTS_DIR)/ZhengMei.app/ZhengMei";
				FRAMEWORK_SEARCH_PATHS = (
					"$(SDKROOT)/Developer/Library/Frameworks",
					"$(inherited)",
					"$(DEVELOPER_FRAMEWORKS_DIR)",
				);
				GCC_PRECOMPILE_PREFIX_HEADER = YES;
				GCC_PREFIX_HEADER = "ZhengMei/ZhengMei-Prefix.pch";
				GCC_PREPROCESSOR_DEFINITIONS = (
					"DEBUG=1",
					"$(inherited)",
				);
				INFOPLIST_FILE = "ZhengMeiTests/ZhengMeiTests-Info.plist";
				PRODUCT_NAME = "$(TARGET_NAME)";
				TEST_HOST = "$(BUNDLE_LOADER)";
				WRAPPER_EXTENSION = xctest;
			};
			name = Debug;
		};
		94B47F2C18E2AD23009FBAFE /* Release */ = {
			isa = XCBuildConfiguration;
			buildSettings = {
				BUNDLE_LOADER = "$(BUILT_PRODUCTS_DIR)/ZhengMei.app/ZhengMei";
				FRAMEWORK_SEARCH_PATHS = (
					"$(SDKROOT)/Developer/Library/Frameworks",
					"$(inherited)",
					"$(DEVELOPER_FRAMEWORKS_DIR)",
				);
				GCC_PRECOMPILE_PREFIX_HEADER = YES;
				GCC_PREFIX_HEADER = "ZhengMei/ZhengMei-Prefix.pch";
				INFOPLIST_FILE = "ZhengMeiTests/ZhengMeiTests-Info.plist";
				PRODUCT_NAME = "$(TARGET_NAME)";
				TEST_HOST = "$(BUNDLE_LOADER)";
				WRAPPER_EXTENSION = xctest;
			};
			name = Release;
		};
/* End XCBuildConfiguration section */

/* Begin XCConfigurationList section */
		94B47EED18E2AD23009FBAFE /* Build configuration list for PBXProject "ZhengMei" */ = {
			isa = XCConfigurationList;
			buildConfigurations = (
				94B47F2518E2AD23009FBAFE /* Debug */,
				94B47F2618E2AD23009FBAFE /* Release */,
			);
			defaultConfigurationIsVisible = 0;
			defaultConfigurationName = Release;
		};
		94B47F2718E2AD23009FBAFE /* Build configuration list for PBXNativeTarget "ZhengMei" */ = {
			isa = XCConfigurationList;
			buildConfigurations = (
				94B47F2818E2AD23009FBAFE /* Debug */,
				94B47F2918E2AD23009FBAFE /* Release */,
			);
			defaultConfigurationIsVisible = 0;
			defaultConfigurationName = Release;
		};
		94B47F2A18E2AD23009FBAFE /* Build configuration list for PBXNativeTarget "ZhengMeiTests" */ = {
			isa = XCConfigurationList;
			buildConfigurations = (
				94B47F2B18E2AD23009FBAFE /* Debug */,
				94B47F2C18E2AD23009FBAFE /* Release */,
			);
			defaultConfigurationIsVisible = 0;
			defaultConfigurationName = Release;
		};
/* End XCConfigurationList section */
	};
	rootObject = 94B47EEA18E2AD23009FBAFE /* Project object */;
}
